// !$*UTF8*$!
{
	archiveVersion = 1;
	classes = {
	};
	objectVersion = 50;
	objects = {

/* Begin PBXBuildFile section */
		3D4EEF892744237B006E7E89 /* Questions.swift in Sources */ = {isa = PBXBuildFile; fileRef = 3D4EEF882744237B006E7E89 /* Questions.swift */; };
		3D732337273ED86600B69F64 /* Login Screen.swift in Sources */ = {isa = PBXBuildFile; fileRef = 3D732336273ED86600B69F64 /* Login Screen.swift */; };
		3D74A95C273ED4580087EA4B /* Mobile_Marauders_AppApp.swift in Sources */ = {isa = PBXBuildFile; fileRef = 3D74A95B273ED4580087EA4B /* Mobile_Marauders_AppApp.swift */; };
		3D74A95E273ED4580087EA4B /* ContentView.swift in Sources */ = {isa = PBXBuildFile; fileRef = 3D74A95D273ED4580087EA4B /* ContentView.swift */; };
		3D74A960273ED45B0087EA4B /* Assets.xcassets in Resources */ = {isa = PBXBuildFile; fileRef = 3D74A95F273ED45B0087EA4B /* Assets.xcassets */; };
		3D74A963273ED45B0087EA4B /* Preview Assets.xcassets in Resources */ = {isa = PBXBuildFile; fileRef = 3D74A962273ED45B0087EA4B /* Preview Assets.xcassets */; };
		3DF328B42742D48C0092B446 /* New User.swift in Sources */ = {isa = PBXBuildFile; fileRef = 3DF328B32742D48C0092B446 /* New User.swift */; };
/* End PBXBuildFile section */

/* Begin PBXFileReference section */
		3D4EEF882744237B006E7E89 /* Questions.swift */ = {isa = PBXFileReference; lastKnownFileType = sourcecode.swift; path = Questions.swift; sourceTree = "<group>"; };
		3D732336273ED86600B69F64 /* Login Screen.swift */ = {isa = PBXFileReference; lastKnownFileType = sourcecode.swift; path = "Login Screen.swift"; sourceTree = "<group>"; };
		3D74A958273ED4580087EA4B /* Mobile Marauders App.app */ = {isa = PBXFileReference; explicitFileType = wrapper.application; includeInIndex = 0; path = "Mobile Marauders App.app"; sourceTree = BUILT_PRODUCTS_DIR; };
		3D74A95B273ED4580087EA4B /* Mobile_Marauders_AppApp.swift */ = {isa = PBXFileReference; lastKnownFileType = sourcecode.swift; path = Mobile_Marauders_AppApp.swift; sourceTree = "<group>"; };
		3D74A95D273ED4580087EA4B /* ContentView.swift */ = {isa = PBXFileReference; lastKnownFileType = sourcecode.swift; path = ContentView.swift; sourceTree = "<group>"; };
		3D74A95F273ED45B0087EA4B /* Assets.xcassets */ = {isa = PBXFileReference; lastKnownFileType = folder.assetcatalog; path = Assets.xcassets; sourceTree = "<group>"; };
		3D74A962273ED45B0087EA4B /* Preview Assets.xcassets */ = {isa = PBXFileReference; lastKnownFileType = folder.assetcatalog; path = "Preview Assets.xcassets"; sourceTree = "<group>"; };
		3D74A964273ED45B0087EA4B /* Info.plist */ = {isa = PBXFileReference; lastKnownFileType = text.plist.xml; path = Info.plist; sourceTree = "<group>"; };
		3DF328B32742D48C0092B446 /* New User.swift */ = {isa = PBXFileReference; lastKnownFileType = sourcecode.swift; path = "New User.swift"; sourceTree = "<group>"; };
/* End PBXFileReference section */

/* Begin PBXFrameworksBuildPhase section */
		3D74A955273ED4580087EA4B /* Frameworks */ = {
			isa = PBXFrameworksBuildPhase;
			buildActionMask = 2147483647;
			files = (
			);
			runOnlyForDeploymentPostprocessing = 0;
		};
/* End PBXFrameworksBuildPhase section */

/* Begin PBXGroup section */
		3D74A94F273ED4580087EA4B = {
			isa = PBXGroup;
			children = (
				3D74A95A273ED4580087EA4B /* Mobile Marauders App */,
				3D74A959273ED4580087EA4B /* Products */,
			);
			sourceTree = "<group>";
		};
		3D74A959273ED4580087EA4B /* Products */ = {
			isa = PBXGroup;
			children = (
				3D74A958273ED4580087EA4B /* Mobile Marauders App.app */,
			);
			name = Products;
			sourceTree = "<group>";
		};
		3D74A95A273ED4580087EA4B /* Mobile Marauders App */ = {
			isa = PBXGroup;
			children = (
				3D74A95B273ED4580087EA4B /* Mobile_Marauders_AppApp.swift */,
				3DF328B52742D4B10092B446 /* Navigation */,
				3D74A96D273ED5CF0087EA4B /* Views */,
				3D74A96C273ED5C70087EA4B /* Helpers */,
				3D74A95F273ED45B0087EA4B /* Assets.xcassets */,
				3D74A964273ED45B0087EA4B /* Info.plist */,
				3D74A961273ED45B0087EA4B /* Preview Content */,
			);
			path = "Mobile Marauders App";
			sourceTree = "<group>";
		};
		3D74A961273ED45B0087EA4B /* Preview Content */ = {
			isa = PBXGroup;
			children = (
				3D74A962273ED45B0087EA4B /* Preview Assets.xcassets */,
			);
			path = "Preview Content";
			sourceTree = "<group>";
		};
		3D74A96C273ED5C70087EA4B /* Helpers */ = {
			isa = PBXGroup;
			children = (
			);
			path = Helpers;
			sourceTree = "<group>";
		};
		3D74A96D273ED5CF0087EA4B /* Views */ = {
			isa = PBXGroup;
			children = (
				3D74A95D273ED4580087EA4B /* ContentView.swift */,
			);
			path = Views;
			sourceTree = "<group>";
		};
		3DF328B52742D4B10092B446 /* Navigation */ = {
			isa = PBXGroup;
			children = (
				3D732336273ED86600B69F64 /* Login Screen.swift */,
				3DF328B32742D48C0092B446 /* New User.swift */,
				3D4EEF882744237B006E7E89 /* Questions.swift */,
			);
			path = Navigation;
			sourceTree = "<group>";
		};
/* End PBXGroup section */

/* Begin PBXNativeTarget section */
		3D74A957273ED4580087EA4B /* Mobile Marauders App */ = {
			isa = PBXNativeTarget;
			buildConfigurationList = 3D74A967273ED45B0087EA4B /* Build configuration list for PBXNativeTarget "Mobile Marauders App" */;
			buildPhases = (
				3D74A954273ED4580087EA4B /* Sources */,
				3D74A955273ED4580087EA4B /* Frameworks */,
				3D74A956273ED4580087EA4B /* Resources */,
			);
			buildRules = (
			);
			dependencies = (
			);
			name = "Mobile Marauders App";
			productName = "Mobile Marauders App";
			productReference = 3D74A958273ED4580087EA4B /* Mobile Marauders App.app */;
			productType = "com.apple.product-type.application";
		};
/* End PBXNativeTarget section */

/* Begin PBXProject section */
		3D74A950273ED4580087EA4B /* Project object */ = {
			isa = PBXProject;
			attributes = {
				LastSwiftUpdateCheck = 1250;
				LastUpgradeCheck = 1250;
				TargetAttributes = {
					3D74A957273ED4580087EA4B = {
						CreatedOnToolsVersion = 12.5.1;
					};
				};
			};
			buildConfigurationList = 3D74A953273ED4580087EA4B /* Build configuration list for PBXProject "Mobile Marauders App" */;
			compatibilityVersion = "Xcode 9.3";
			developmentRegion = en;
			hasScannedForEncodings = 0;
			knownRegions = (
				en,
				Base,
			);
			mainGroup = 3D74A94F273ED4580087EA4B;
			productRefGroup = 3D74A959273ED4580087EA4B /* Products */;
			projectDirPath = "";
			projectRoot = "";
			targets = (
				3D74A957273ED4580087EA4B /* Mobile Marauders App */,
			);
		};
/* End PBXProject section */

/* Begin PBXResourcesBuildPhase section */
		3D74A956273ED4580087EA4B /* Resources */ = {
			isa = PBXResourcesBuildPhase;
			buildActionMask = 2147483647;
			files = (
				3D74A963273ED45B0087EA4B /* Preview Assets.xcassets in Resources */,
				3D74A960273ED45B0087EA4B /* Assets.xcassets in Resources */,
			);
			runOnlyForDeploymentPostprocessing = 0;
		};
/* End PBXResourcesBuildPhase section */

/* Begin PBXSourcesBuildPhase section */
		3D74A954273ED4580087EA4B /* Sources */ = {
			isa = PBXSourcesBuildPhase;
			buildActionMask = 2147483647;
			files = (
				3D74A95E273ED4580087EA4B /* ContentView.swift in Sources */,
				3D74A95C273ED4580087EA4B /* Mobile_Marauders_AppApp.swift in Sources */,
				3DF328B42742D48C0092B446 /* New User.swift in Sources */,
				3D4EEF892744237B006E7E89 /* Questions.swift in Sources */,
				3D732337273ED86600B69F64 /* Login Screen.swift in Sources */,
			);
			runOnlyForDeploymentPostprocessing = 0;
		};
/* End PBXSourcesBuildPhase section */

/* Begin XCBuildConfiguration section */
		3D74A965273ED45B0087EA4B /* Debug */ = {
			isa = XCBuildConfiguration;
			buildSettings = {
				ALWAYS_SEARCH_USER_PATHS = NO;
				CLANG_ANALYZER_NONNULL = YES;
				CLANG_ANALYZER_NUMBER_OBJECT_CONVERSION = YES_AGGRESSIVE;
				CLANG_CXX_LANGUAGE_STANDARD = "gnu++14";
				CLANG_CXX_LIBRARY = "libc++";
				CLANG_ENABLE_MODULES = YES;
				CLANG_ENABLE_OBJC_ARC = YES;
				CLANG_ENABLE_OBJC_WEAK = YES;
				CLANG_WARN_BLOCK_CAPTURE_AUTORELEASING = YES;
				CLANG_WARN_BOOL_CONVERSION = YES;
				CLANG_WARN_COMMA = YES;
				CLANG_WARN_CONSTANT_CONVERSION = YES;
				CLANG_WARN_DEPRECATED_OBJC_IMPLEMENTATIONS = YES;
				CLANG_WARN_DIRECT_OBJC_ISA_USAGE = YES_ERROR;
				CLANG_WARN_DOCUMENTATION_COMMENTS = YES;
				CLANG_WARN_EMPTY_BODY = YES;
				CLANG_WARN_ENUM_CONVERSION = YES;
				CLANG_WARN_INFINITE_RECURSION = YES;
				CLANG_WARN_INT_CONVERSION = YES;
				CLANG_WARN_NON_LITERAL_NULL_CONVERSION = YES;
				CLANG_WARN_OBJC_IMPLICIT_RETAIN_SELF = YES;
				CLANG_WARN_OBJC_LITERAL_CONVERSION = YES;
				CLANG_WARN_OBJC_ROOT_CLASS = YES_ERROR;
				CLANG_WARN_QUOTED_INCLUDE_IN_FRAMEWORK_HEADER = YES;
				CLANG_WARN_RANGE_LOOP_ANALYSIS = YES;
				CLANG_WARN_STRICT_PROTOTYPES = YES;
				CLANG_WARN_SUSPICIOUS_MOVE = YES;
				CLANG_WARN_UNGUARDED_AVAILABILITY = YES_AGGRESSIVE;
				CLANG_WARN_UNREACHABLE_CODE = YES;
				CLANG_WARN__DUPLICATE_METHOD_MATCH = YES;
				COPY_PHASE_STRIP = NO;
				DEBUG_INFORMATION_FORMAT = dwarf;
				ENABLE_STRICT_OBJC_MSGSEND = YES;
				ENABLE_TESTABILITY = YES;
				GCC_C_LANGUAGE_STANDARD = gnu11;
				GCC_DYNAMIC_NO_PIC = NO;
				GCC_NO_COMMON_BLOCKS = YES;
				GCC_OPTIMIZATION_LEVEL = 0;
				GCC_PREPROCESSOR_DEFINITIONS = (
					"DEBUG=1",
					"$(inherited)",
				);
				GCC_WARN_64_TO_32_BIT_CONVERSION = YES;
				GCC_WARN_ABOUT_RETURN_TYPE = YES_ERROR;
				GCC_WARN_UNDECLARED_SELECTOR = YES;
				GCC_WARN_UNINITIALIZED_AUTOS = YES_AGGRESSIVE;
				GCC_WARN_UNUSED_FUNCTION = YES;
				GCC_WARN_UNUSED_VARIABLE = YES;
				IPHONEOS_DEPLOYMENT_TARGET = 14.5;
				MTL_ENABLE_DEBUG_INFO = INCLUDE_SOURCE;
				MTL_FAST_MATH = YES;
				ONLY_ACTIVE_ARCH = YES;
				SDKROOT = iphoneos;
				SWIFT_ACTIVE_COMPILATION_CONDITIONS = DEBUG;
				SWIFT_OPTIMIZATION_LEVEL = "-Onone";
			};
			name = Debug;
		};
		3D74A966273ED45B0087EA4B /* Release */ = {
			isa = XCBuildConfiguration;
			buildSettings = {
				ALWAYS_SEARCH_USER_PATHS = NO;
				CLANG_ANALYZER_NONNULL = YES;
				CLANG_ANALYZER_NUMBER_OBJECT_CONVERSION = YES_AGGRESSIVE;
				CLANG_CXX_LANGUAGE_STANDARD = "gnu++14";
				CLANG_CXX_LIBRARY = "libc++";
				CLANG_ENABLE_MODULES = YES;
				CLANG_ENABLE_OBJC_ARC = YES;
				CLANG_ENABLE_OBJC_WEAK = YES;
				CLANG_WARN_BLOCK_CAPTURE_AUTORELEASING = YES;
				CLANG_WARN_BOOL_CONVERSION = YES;
				CLANG_WARN_COMMA = YES;
				CLANG_WARN_CONSTANT_CONVERSION = YES;
				CLANG_WARN_DEPRECATED_OBJC_IMPLEMENTATIONS = YES;
				CLANG_WARN_DIRECT_OBJC_ISA_USAGE = YES_ERROR;
				CLANG_WARN_DOCUMENTATION_COMMENTS = YES;
				CLANG_WARN_EMPTY_BODY = YES;
				CLANG_WARN_ENUM_CONVERSION = YES;
				CLANG_WARN_INFINITE_RECURSION = YES;
				CLANG_WARN_INT_CONVERSION = YES;
				CLANG_WARN_NON_LITERAL_NULL_CONVERSION = YES;
				CLANG_WARN_OBJC_IMPLICIT_RETAIN_SELF = YES;
				CLANG_WARN_OBJC_LITERAL_CONVERSION = YES;
				CLANG_WARN_OBJC_ROOT_CLASS = YES_ERROR;
				CLANG_WARN_QUOTED_INCLUDE_IN_FRAMEWORK_HEADER = YES;
				CLANG_WARN_RANGE_LOOP_ANALYSIS = YES;
				CLANG_WARN_STRICT_PROTOTYPES = YES;
				CLANG_WARN_SUSPICIOUS_MOVE = YES;
				CLANG_WARN_UNGUARDED_AVAILABILITY = YES_AGGRESSIVE;
				CLANG_WARN_UNREACHABLE_CODE = YES;
				CLANG_WARN__DUPLICATE_METHOD_MATCH = YES;
				COPY_PHASE_STRIP = NO;
				DEBUG_INFORMATION_FORMAT = "dwarf-with-dsym";
				ENABLE_NS_ASSERTIONS = NO;
				ENABLE_STRICT_OBJC_MSGSEND = YES;
				GCC_C_LANGUAGE_STANDARD = gnu11;
				GCC_NO_COMMON_BLOCKS = YES;
				GCC_WARN_64_TO_32_BIT_CONVERSION = YES;
				GCC_WARN_ABOUT_RETURN_TYPE = YES_ERROR;
				GCC_WARN_UNDECLARED_SELECTOR = YES;
				GCC_WARN_UNINITIALIZED_AUTOS = YES_AGGRESSIVE;
				GCC_WARN_UNUSED_FUNCTION = YES;
				GCC_WARN_UNUSED_VARIABLE = YES;
				IPHONEOS_DEPLOYMENT_TARGET = 14.5;
				MTL_ENABLE_DEBUG_INFO = NO;
				MTL_FAST_MATH = YES;
				SDKROOT = iphoneos;
				SWIFT_COMPILATION_MODE = wholemodule;
				SWIFT_OPTIMIZATION_LEVEL = "-O";
				VALIDATE_PRODUCT = YES;
			};
			name = Release;
		};
		3D74A968273ED45B0087EA4B /* Debug */ = {
			isa = XCBuildConfiguration;
			buildSettings = {
				ASSETCATALOG_COMPILER_APPICON_NAME = AppIcon;
				ASSETCATALOG_COMPILER_GLOBAL_ACCENT_COLOR_NAME = AccentColor;
				CODE_SIGN_STYLE = Automatic;
				DEVELOPMENT_ASSET_PATHS = "\"Mobile Marauders App/Preview Content\"";
				ENABLE_PREVIEWS = YES;
				INFOPLIST_FILE = "Mobile Marauders App/Info.plist";
				IPHONEOS_DEPLOYMENT_TARGET = 14.0;
				LD_RUNPATH_SEARCH_PATHS = (
					"$(inherited)",
					"@executable_path/Frameworks",
				);
				PRODUCT_BUNDLE_IDENTIFIER = "com.Mobile-Marauders-App";
				PRODUCT_NAME = "$(TARGET_NAME)";
				SWIFT_VERSION = 5.0;
				TARGETED_DEVICE_FAMILY = "1,2";
			};
			name = Debug;
		};
		3D74A969273ED45B0087EA4B /* Release */ = {
			isa = XCBuildConfiguration;
			buildSettings = {
				ASSETCATALOG_COMPILER_APPICON_NAME = AppIcon;
				ASSETCATALOG_COMPILER_GLOBAL_ACCENT_COLOR_NAME = AccentColor;
				CODE_SIGN_STYLE = Automatic;
				DEVELOPMENT_ASSET_PATHS = "\"Mobile Marauders App/Preview Content\"";
				ENABLE_PREVIEWS = YES;
				INFOPLIST_FILE = "Mobile Marauders App/Info.plist";
				IPHONEOS_DEPLOYMENT_TARGET = 14.0;
				LD_RUNPATH_SEARCH_PATHS = (
					"$(inherited)",
					"@executable_path/Frameworks",
				);
				PRODUCT_BUNDLE_IDENTIFIER = "com.Mobile-Marauders-App";
				PRODUCT_NAME = "$(TARGET_NAME)";
				SWIFT_VERSION = 5.0;
				TARGETED_DEVICE_FAMILY = "1,2";
			};
			name = Release;
		};
/* End XCBuildConfiguration section */

/* Begin XCConfigurationList section */
		3D74A953273ED4580087EA4B /* Build configuration list for PBXProject "Mobile Marauders App" */ = {
			isa = XCConfigurationList;
			buildConfigurations = (
				3D74A965273ED45B0087EA4B /* Debug */,
				3D74A966273ED45B0087EA4B /* Release */,
			);
			defaultConfigurationIsVisible = 0;
			defaultConfigurationName = Release;
		};
		3D74A967273ED45B0087EA4B /* Build configuration list for PBXNativeTarget "Mobile Marauders App" */ = {
			isa = XCConfigurationList;
			buildConfigurations = (
				3D74A968273ED45B0087EA4B /* Debug */,
				3D74A969273ED45B0087EA4B /* Release */,
			);
			defaultConfigurationIsVisible = 0;
			defaultConfigurationName = Release;
		};
/* End XCConfigurationList section */
	};
	rootObject = 3D74A950273ED4580087EA4B /* Project object */;
}
